// !$*UTF8*$!
{
	archiveVersion = 1;
	classes = {
	};
	objectVersion = 54;
	objects = {

/* Begin PBXBuildFile section */
		024568DF9D3B0D3D6B6507D1 /* Pods_MonitorExtension.framework in Frameworks */ = {isa = PBXBuildFile; fileRef = 22DAD96320723FA1B2631FF3 /* Pods_MonitorExtension.framework */; };
		737E3E8F2886A57500ECE164 /* Screen_TimeApp.swift in Sources */ = {isa = PBXBuildFile; fileRef = 737E3E8E2886A57500ECE164 /* Screen_TimeApp.swift */; };
		737E3E912886A57500ECE164 /* ChartView.swift in Sources */ = {isa = PBXBuildFile; fileRef = 737E3E902886A57500ECE164 /* ChartView.swift */; };
		737E3E932886A57600ECE164 /* Assets.xcassets in Resources */ = {isa = PBXBuildFile; fileRef = 737E3E922886A57600ECE164 /* Assets.xcassets */; };
		737E3E962886A57600ECE164 /* Preview Assets.xcassets in Resources */ = {isa = PBXBuildFile; fileRef = 737E3E952886A57600ECE164 /* Preview Assets.xcassets */; };
		73B3B35328930ADE0079AAC4 /* MonitorExtension.swift in Sources */ = {isa = PBXBuildFile; fileRef = 73B3B35228930ADE0079AAC4 /* MonitorExtension.swift */; };
		73B3B35528930ADE0079AAC4 /* TotalActivityReport.swift in Sources */ = {isa = PBXBuildFile; fileRef = 73B3B35428930ADE0079AAC4 /* TotalActivityReport.swift */; };
		73B3B35728930ADE0079AAC4 /* TotalActivityView.swift in Sources */ = {isa = PBXBuildFile; fileRef = 73B3B35628930ADE0079AAC4 /* TotalActivityView.swift */; };
		73B3B35C28930ADE0079AAC4 /* MonitorExtension.appex in Embed ExtensionKit Extensions */ = {isa = PBXBuildFile; fileRef = 73B3B35028930ADE0079AAC4 /* MonitorExtension.appex */; settings = {ATTRIBUTES = (RemoveHeadersOnCopy, ); }; };
		73B3B36128930B440079AAC4 /* AppDeviceActivity.swift in Sources */ = {isa = PBXBuildFile; fileRef = 73B3B36028930B440079AAC4 /* AppDeviceActivity.swift */; };
		8A97A5D8B9ED82F33DE532DA /* Pods_Screen_Time.framework in Frameworks */ = {isa = PBXBuildFile; fileRef = C8B490A9793BCC627F8919B0 /* Pods_Screen_Time.framework */; };
		E5FE204B29CAADCD00F5F092 /* MediaPlayer.framework in Frameworks */ = {isa = PBXBuildFile; fileRef = E5FE204929CAADC600F5F092 /* MediaPlayer.framework */; };
		E5FE204F29CBEE1D00F5F092 /* GoogleService-Info.plist in Resources */ = {isa = PBXBuildFile; fileRef = E5FE204E29CBEE1D00F5F092 /* GoogleService-Info.plist */; };
		E5FE205129CC04B400F5F092 /* AppDelegate.swift in Sources */ = {isa = PBXBuildFile; fileRef = E5FE205029CC04B400F5F092 /* AppDelegate.swift */; };
/* End PBXBuildFile section */

/* Begin PBXContainerItemProxy section */
		73B3B35A28930ADE0079AAC4 /* PBXContainerItemProxy */ = {
			isa = PBXContainerItemProxy;
			containerPortal = 737E3E832886A57500ECE164 /* Project object */;
			proxyType = 1;
			remoteGlobalIDString = 73B3B34F28930ADE0079AAC4;
			remoteInfo = MonitorExtension;
		};
/* End PBXContainerItemProxy section */

/* Begin PBXCopyFilesBuildPhase section */
		737E3EB22886A5E100ECE164 /* Embed Foundation Extensions */ = {
			isa = PBXCopyFilesBuildPhase;
			buildActionMask = 2147483647;
			dstPath = "";
			dstSubfolderSpec = 13;
			files = (
			);
			name = "Embed Foundation Extensions";
			runOnlyForDeploymentPostprocessing = 0;
		};
		73B3B34828930A170079AAC4 /* Embed ExtensionKit Extensions */ = {
			isa = PBXCopyFilesBuildPhase;
			buildActionMask = 2147483647;
			dstPath = "$(EXTENSIONS_FOLDER_PATH)";
			dstSubfolderSpec = 16;
			files = (
				73B3B35C28930ADE0079AAC4 /* MonitorExtension.appex in Embed ExtensionKit Extensions */,
			);
			name = "Embed ExtensionKit Extensions";
			runOnlyForDeploymentPostprocessing = 0;
		};
/* End PBXCopyFilesBuildPhase section */

/* Begin PBXFileReference section */
		22DAD96320723FA1B2631FF3 /* Pods_MonitorExtension.framework */ = {isa = PBXFileReference; explicitFileType = wrapper.framework; includeInIndex = 0; path = Pods_MonitorExtension.framework; sourceTree = BUILT_PRODUCTS_DIR; };
		364FC4BD7F0502C87BC68AC5 /* Pods-Screen Time.release.xcconfig */ = {isa = PBXFileReference; includeInIndex = 1; lastKnownFileType = text.xcconfig; name = "Pods-Screen Time.release.xcconfig"; path = "Target Support Files/Pods-Screen Time/Pods-Screen Time.release.xcconfig"; sourceTree = "<group>"; };
		3DBE90A47D52E8495E57E57D /* Pods-Screen Time.debug.xcconfig */ = {isa = PBXFileReference; includeInIndex = 1; lastKnownFileType = text.xcconfig; name = "Pods-Screen Time.debug.xcconfig"; path = "Target Support Files/Pods-Screen Time/Pods-Screen Time.debug.xcconfig"; sourceTree = "<group>"; };
		737E3E8B2886A57500ECE164 /* Screen Time.app */ = {isa = PBXFileReference; explicitFileType = wrapper.application; includeInIndex = 0; path = "Screen Time.app"; sourceTree = BUILT_PRODUCTS_DIR; };
		737E3E8E2886A57500ECE164 /* Screen_TimeApp.swift */ = {isa = PBXFileReference; lastKnownFileType = sourcecode.swift; path = Screen_TimeApp.swift; sourceTree = "<group>"; };
		737E3E902886A57500ECE164 /* ChartView.swift */ = {isa = PBXFileReference; lastKnownFileType = sourcecode.swift; path = ChartView.swift; sourceTree = "<group>"; };
		737E3E922886A57600ECE164 /* Assets.xcassets */ = {isa = PBXFileReference; lastKnownFileType = folder.assetcatalog; path = Assets.xcassets; sourceTree = "<group>"; };
		737E3E952886A57600ECE164 /* Preview Assets.xcassets */ = {isa = PBXFileReference; lastKnownFileType = folder.assetcatalog; path = "Preview Assets.xcassets"; sourceTree = "<group>"; };
		737E3EB32886A61C00ECE164 /* Screen Time.entitlements */ = {isa = PBXFileReference; lastKnownFileType = text.plist.entitlements; path = "Screen Time.entitlements"; sourceTree = "<group>"; };
		73B3B35028930ADE0079AAC4 /* MonitorExtension.appex */ = {isa = PBXFileReference; explicitFileType = "wrapper.extensionkit-extension"; includeInIndex = 0; path = MonitorExtension.appex; sourceTree = BUILT_PRODUCTS_DIR; };
		73B3B35228930ADE0079AAC4 /* MonitorExtension.swift */ = {isa = PBXFileReference; lastKnownFileType = sourcecode.swift; path = MonitorExtension.swift; sourceTree = "<group>"; };
		73B3B35428930ADE0079AAC4 /* TotalActivityReport.swift */ = {isa = PBXFileReference; lastKnownFileType = sourcecode.swift; path = TotalActivityReport.swift; sourceTree = "<group>"; };
		73B3B35628930ADE0079AAC4 /* TotalActivityView.swift */ = {isa = PBXFileReference; lastKnownFileType = sourcecode.swift; path = TotalActivityView.swift; sourceTree = "<group>"; };
		73B3B35828930ADE0079AAC4 /* Info.plist */ = {isa = PBXFileReference; lastKnownFileType = text.plist.xml; path = Info.plist; sourceTree = "<group>"; };
		73B3B35928930ADE0079AAC4 /* MonitorExtension.entitlements */ = {isa = PBXFileReference; lastKnownFileType = text.plist.entitlements; path = MonitorExtension.entitlements; sourceTree = "<group>"; };
		73B3B36028930B440079AAC4 /* AppDeviceActivity.swift */ = {isa = PBXFileReference; lastKnownFileType = sourcecode.swift; path = AppDeviceActivity.swift; sourceTree = "<group>"; };
		9C6154BFC80E78197EE949DD /* Pods-MonitorExtension.debug.xcconfig */ = {isa = PBXFileReference; includeInIndex = 1; lastKnownFileType = text.xcconfig; name = "Pods-MonitorExtension.debug.xcconfig"; path = "Target Support Files/Pods-MonitorExtension/Pods-MonitorExtension.debug.xcconfig"; sourceTree = "<group>"; };
		C8B490A9793BCC627F8919B0 /* Pods_Screen_Time.framework */ = {isa = PBXFileReference; explicitFileType = wrapper.framework; includeInIndex = 0; path = Pods_Screen_Time.framework; sourceTree = BUILT_PRODUCTS_DIR; };
		E5FE204729C98D3F00F5F092 /* Screen-Time-Info.plist */ = {isa = PBXFileReference; lastKnownFileType = text.plist; path = "Screen-Time-Info.plist"; sourceTree = SOURCE_ROOT; };
		E5FE204929CAADC600F5F092 /* MediaPlayer.framework */ = {isa = PBXFileReference; lastKnownFileType = wrapper.framework; name = MediaPlayer.framework; path = System/Library/Frameworks/MediaPlayer.framework; sourceTree = SDKROOT; };
		E5FE204E29CBEE1D00F5F092 /* GoogleService-Info.plist */ = {isa = PBXFileReference; fileEncoding = 4; lastKnownFileType = text.plist.xml; name = "GoogleService-Info.plist"; path = "../../../Downloads/GoogleService-Info.plist"; sourceTree = "<group>"; };
		E5FE205029CC04B400F5F092 /* AppDelegate.swift */ = {isa = PBXFileReference; lastKnownFileType = sourcecode.swift; path = AppDelegate.swift; sourceTree = "<group>"; };
		E6D049A508ABB84B17D66BA1 /* Pods-MonitorExtension.release.xcconfig */ = {isa = PBXFileReference; includeInIndex = 1; lastKnownFileType = text.xcconfig; name = "Pods-MonitorExtension.release.xcconfig"; path = "Target Support Files/Pods-MonitorExtension/Pods-MonitorExtension.release.xcconfig"; sourceTree = "<group>"; };
/* End PBXFileReference section */

/* Begin PBXFrameworksBuildPhase section */
		737E3E882886A57500ECE164 /* Frameworks */ = {
			isa = PBXFrameworksBuildPhase;
			buildActionMask = 2147483647;
			files = (
				E5FE204B29CAADCD00F5F092 /* MediaPlayer.framework in Frameworks */,
				8A97A5D8B9ED82F33DE532DA /* Pods_Screen_Time.framework in Frameworks */,
			);
			runOnlyForDeploymentPostprocessing = 0;
		};
		73B3B34D28930ADE0079AAC4 /* Frameworks */ = {
			isa = PBXFrameworksBuildPhase;
			buildActionMask = 2147483647;
			files = (
				024568DF9D3B0D3D6B6507D1 /* Pods_MonitorExtension.framework in Frameworks */,
			);
			runOnlyForDeploymentPostprocessing = 0;
		};
/* End PBXFrameworksBuildPhase section */

/* Begin PBXGroup section */
		0990F2D2BB0D9C4A2ADFFB70 /* Pods */ = {
			isa = PBXGroup;
			children = (
				9C6154BFC80E78197EE949DD /* Pods-MonitorExtension.debug.xcconfig */,
				E6D049A508ABB84B17D66BA1 /* Pods-MonitorExtension.release.xcconfig */,
				3DBE90A47D52E8495E57E57D /* Pods-Screen Time.debug.xcconfig */,
				364FC4BD7F0502C87BC68AC5 /* Pods-Screen Time.release.xcconfig */,
			);
			path = Pods;
			sourceTree = "<group>";
		};
		737E3E822886A57500ECE164 = {
			isa = PBXGroup;
			children = (
				737E3E8D2886A57500ECE164 /* Screen Time */,
				73B3B35128930ADE0079AAC4 /* MonitorExtension */,
				737E3E8C2886A57500ECE164 /* Products */,
				E5FE204829CAADC500F5F092 /* Frameworks */,
				0990F2D2BB0D9C4A2ADFFB70 /* Pods */,
			);
			sourceTree = "<group>";
		};
		737E3E8C2886A57500ECE164 /* Products */ = {
			isa = PBXGroup;
			children = (
				737E3E8B2886A57500ECE164 /* Screen Time.app */,
				73B3B35028930ADE0079AAC4 /* MonitorExtension.appex */,
			);
			name = Products;
			sourceTree = "<group>";
		};
		737E3E8D2886A57500ECE164 /* Screen Time */ = {
			isa = PBXGroup;
			children = (
				E5FE204729C98D3F00F5F092 /* Screen-Time-Info.plist */,
				737E3EB32886A61C00ECE164 /* Screen Time.entitlements */,
				737E3E8E2886A57500ECE164 /* Screen_TimeApp.swift */,
				737E3E902886A57500ECE164 /* ChartView.swift */,
				737E3E922886A57600ECE164 /* Assets.xcassets */,
				E5FE204E29CBEE1D00F5F092 /* GoogleService-Info.plist */,
				737E3E942886A57600ECE164 /* Preview Content */,
				E5FE205029CC04B400F5F092 /* AppDelegate.swift */,
			);
			path = "Screen Time";
			sourceTree = "<group>";
		};
		737E3E942886A57600ECE164 /* Preview Content */ = {
			isa = PBXGroup;
			children = (
				737E3E952886A57600ECE164 /* Preview Assets.xcassets */,
			);
			path = "Preview Content";
			sourceTree = "<group>";
		};
		73B3B35128930ADE0079AAC4 /* MonitorExtension */ = {
			isa = PBXGroup;
			children = (
				73B3B35228930ADE0079AAC4 /* MonitorExtension.swift */,
				73B3B35428930ADE0079AAC4 /* TotalActivityReport.swift */,
				73B3B35628930ADE0079AAC4 /* TotalActivityView.swift */,
				73B3B35828930ADE0079AAC4 /* Info.plist */,
				73B3B35928930ADE0079AAC4 /* MonitorExtension.entitlements */,
				73B3B36028930B440079AAC4 /* AppDeviceActivity.swift */,
			);
			path = MonitorExtension;
			sourceTree = "<group>";
		};
		E5FE204829CAADC500F5F092 /* Frameworks */ = {
			isa = PBXGroup;
			children = (
				E5FE204929CAADC600F5F092 /* MediaPlayer.framework */,
				22DAD96320723FA1B2631FF3 /* Pods_MonitorExtension.framework */,
				C8B490A9793BCC627F8919B0 /* Pods_Screen_Time.framework */,
			);
			name = Frameworks;
			sourceTree = "<group>";
		};
/* End PBXGroup section */

/* Begin PBXNativeTarget section */
		737E3E8A2886A57500ECE164 /* Screen Time */ = {
			isa = PBXNativeTarget;
			buildConfigurationList = 737E3E992886A57600ECE164 /* Build configuration list for PBXNativeTarget "Screen Time" */;
			buildPhases = (
				69932A7907DAD15AE4A32928 /* [CP] Check Pods Manifest.lock */,
				737E3E872886A57500ECE164 /* Sources */,
				737E3E882886A57500ECE164 /* Frameworks */,
				737E3E892886A57500ECE164 /* Resources */,
				737E3EB22886A5E100ECE164 /* Embed Foundation Extensions */,
				73B3B34828930A170079AAC4 /* Embed ExtensionKit Extensions */,
				D6E59C8BA433CAA061FCA1EF /* [CP] Embed Pods Frameworks */,
			);
			buildRules = (
			);
			dependencies = (
				73B3B35B28930ADE0079AAC4 /* PBXTargetDependency */,
			);
			name = "Screen Time";
			productName = "Screen Time";
			productReference = 737E3E8B2886A57500ECE164 /* Screen Time.app */;
			productType = "com.apple.product-type.application";
		};
		73B3B34F28930ADE0079AAC4 /* MonitorExtension */ = {
			isa = PBXNativeTarget;
			buildConfigurationList = 73B3B35D28930ADE0079AAC4 /* Build configuration list for PBXNativeTarget "MonitorExtension" */;
			buildPhases = (
				E7B623272365A8AC2CD3E3FB /* [CP] Check Pods Manifest.lock */,
				73B3B34C28930ADE0079AAC4 /* Sources */,
				73B3B34D28930ADE0079AAC4 /* Frameworks */,
				73B3B34E28930ADE0079AAC4 /* Resources */,
			);
			buildRules = (
			);
			dependencies = (
			);
			name = MonitorExtension;
			productName = MonitorExtension;
			productReference = 73B3B35028930ADE0079AAC4 /* MonitorExtension.appex */;
			productType = "com.apple.product-type.extensionkit-extension";
		};
/* End PBXNativeTarget section */

/* Begin PBXProject section */
		737E3E832886A57500ECE164 /* Project object */ = {
			isa = PBXProject;
			attributes = {
				BuildIndependentTargetsInParallel = 1;
				LastSwiftUpdateCheck = 1400;
				LastUpgradeCheck = 1400;
				TargetAttributes = {
					737E3E8A2886A57500ECE164 = {
						CreatedOnToolsVersion = 14.0;
					};
					73B3B34F28930ADE0079AAC4 = {
						CreatedOnToolsVersion = 14.0;
					};
				};
			};
			buildConfigurationList = 737E3E862886A57500ECE164 /* Build configuration list for PBXProject "Screen Time" */;
			compatibilityVersion = "Xcode 12.0";
			developmentRegion = en;
			hasScannedForEncodings = 0;
			knownRegions = (
				en,
				Base,
			);
			mainGroup = 737E3E822886A57500ECE164;
			productRefGroup = 737E3E8C2886A57500ECE164 /* Products */;
			projectDirPath = "";
			projectRoot = "";
			targets = (
				737E3E8A2886A57500ECE164 /* Screen Time */,
				73B3B34F28930ADE0079AAC4 /* MonitorExtension */,
			);
		};
/* End PBXProject section */

/* Begin PBXResourcesBuildPhase section */
		737E3E892886A57500ECE164 /* Resources */ = {
			isa = PBXResourcesBuildPhase;
			buildActionMask = 2147483647;
			files = (
				737E3E962886A57600ECE164 /* Preview Assets.xcassets in Resources */,
				737E3E932886A57600ECE164 /* Assets.xcassets in Resources */,
				E5FE204F29CBEE1D00F5F092 /* GoogleService-Info.plist in Resources */,
			);
			runOnlyForDeploymentPostprocessing = 0;
		};
		73B3B34E28930ADE0079AAC4 /* Resources */ = {
			isa = PBXResourcesBuildPhase;
			buildActionMask = 2147483647;
			files = (
			);
			runOnlyForDeploymentPostprocessing = 0;
		};
/* End PBXResourcesBuildPhase section */

/* Begin PBXShellScriptBuildPhase section */
		69932A7907DAD15AE4A32928 /* [CP] Check Pods Manifest.lock */ = {
			isa = PBXShellScriptBuildPhase;
			buildActionMask = 2147483647;
			files = (
			);
			inputFileListPaths = (
			);
			inputPaths = (
				"${PODS_PODFILE_DIR_PATH}/Podfile.lock",
				"${PODS_ROOT}/Manifest.lock",
			);
			name = "[CP] Check Pods Manifest.lock";
			outputFileListPaths = (
			);
			outputPaths = (
				"$(DERIVED_FILE_DIR)/Pods-Screen Time-checkManifestLockResult.txt",
			);
			runOnlyForDeploymentPostprocessing = 0;
			shellPath = /bin/sh;
			shellScript = "diff \"${PODS_PODFILE_DIR_PATH}/Podfile.lock\" \"${PODS_ROOT}/Manifest.lock\" > /dev/null\nif [ $? != 0 ] ; then\n    # print error to STDERR\n    echo \"error: The sandbox is not in sync with the Podfile.lock. Run 'pod install' or update your CocoaPods installation.\" >&2\n    exit 1\nfi\n# This output is used by Xcode 'outputs' to avoid re-running this script phase.\necho \"SUCCESS\" > \"${SCRIPT_OUTPUT_FILE_0}\"\n";
			showEnvVarsInLog = 0;
		};
		D6E59C8BA433CAA061FCA1EF /* [CP] Embed Pods Frameworks */ = {
			isa = PBXShellScriptBuildPhase;
			buildActionMask = 2147483647;
			files = (
			);
			inputFileListPaths = (
				"${PODS_ROOT}/Target Support Files/Pods-Screen Time/Pods-Screen Time-frameworks-${CONFIGURATION}-input-files.xcfilelist",
			);
			name = "[CP] Embed Pods Frameworks";
			outputFileListPaths = (
				"${PODS_ROOT}/Target Support Files/Pods-Screen Time/Pods-Screen Time-frameworks-${CONFIGURATION}-output-files.xcfilelist",
			);
			runOnlyForDeploymentPostprocessing = 0;
			shellPath = /bin/sh;
			shellScript = "\"${PODS_ROOT}/Target Support Files/Pods-Screen Time/Pods-Screen Time-frameworks.sh\"\n";
			showEnvVarsInLog = 0;
		};
		E7B623272365A8AC2CD3E3FB /* [CP] Check Pods Manifest.lock */ = {
			isa = PBXShellScriptBuildPhase;
			buildActionMask = 2147483647;
			files = (
			);
			inputFileListPaths = (
			);
			inputPaths = (
				"${PODS_PODFILE_DIR_PATH}/Podfile.lock",
				"${PODS_ROOT}/Manifest.lock",
			);
			name = "[CP] Check Pods Manifest.lock";
			outputFileListPaths = (
			);
			outputPaths = (
				"$(DERIVED_FILE_DIR)/Pods-MonitorExtension-checkManifestLockResult.txt",
			);
			runOnlyForDeploymentPostprocessing = 0;
			shellPath = /bin/sh;
			shellScript = "diff \"${PODS_PODFILE_DIR_PATH}/Podfile.lock\" \"${PODS_ROOT}/Manifest.lock\" > /dev/null\nif [ $? != 0 ] ; then\n    # print error to STDERR\n    echo \"error: The sandbox is not in sync with the Podfile.lock. Run 'pod install' or update your CocoaPods installation.\" >&2\n    exit 1\nfi\n# This output is used by Xcode 'outputs' to avoid re-running this script phase.\necho \"SUCCESS\" > \"${SCRIPT_OUTPUT_FILE_0}\"\n";
			showEnvVarsInLog = 0;
		};
/* End PBXShellScriptBuildPhase section */

/* Begin PBXSourcesBuildPhase section */
		737E3E872886A57500ECE164 /* Sources */ = {
			isa = PBXSourcesBuildPhase;
			buildActionMask = 2147483647;
			files = (
				E5FE205129CC04B400F5F092 /* AppDelegate.swift in Sources */,
				737E3E912886A57500ECE164 /* ChartView.swift in Sources */,
				737E3E8F2886A57500ECE164 /* Screen_TimeApp.swift in Sources */,
			);
			runOnlyForDeploymentPostprocessing = 0;
		};
		73B3B34C28930ADE0079AAC4 /* Sources */ = {
			isa = PBXSourcesBuildPhase;
			buildActionMask = 2147483647;
			files = (
				73B3B36128930B440079AAC4 /* AppDeviceActivity.swift in Sources */,
				73B3B35728930ADE0079AAC4 /* TotalActivityView.swift in Sources */,
				73B3B35328930ADE0079AAC4 /* MonitorExtension.swift in Sources */,
				73B3B35528930ADE0079AAC4 /* TotalActivityReport.swift in Sources */,
			);
			runOnlyForDeploymentPostprocessing = 0;
		};
/* End PBXSourcesBuildPhase section */

/* Begin PBXTargetDependency section */
		73B3B35B28930ADE0079AAC4 /* PBXTargetDependency */ = {
			isa = PBXTargetDependency;
			target = 73B3B34F28930ADE0079AAC4 /* MonitorExtension */;
			targetProxy = 73B3B35A28930ADE0079AAC4 /* PBXContainerItemProxy */;
		};
/* End PBXTargetDependency section */

/* Begin XCBuildConfiguration section */
		737E3E972886A57600ECE164 /* Debug */ = {
			isa = XCBuildConfiguration;
			buildSettings = {
				ALWAYS_SEARCH_USER_PATHS = NO;
				CLANG_ANALYZER_NONNULL = YES;
				CLANG_ANALYZER_NUMBER_OBJECT_CONVERSION = YES_AGGRESSIVE;
				CLANG_CXX_LANGUAGE_STANDARD = "gnu++20";
				CLANG_ENABLE_MODULES = YES;
				CLANG_ENABLE_OBJC_ARC = YES;
				CLANG_ENABLE_OBJC_WEAK = YES;
				CLANG_WARN_BLOCK_CAPTURE_AUTORELEASING = YES;
				CLANG_WARN_BOOL_CONVERSION = YES;
				CLANG_WARN_COMMA = YES;
				CLANG_WARN_CONSTANT_CONVERSION = YES;
				CLANG_WARN_DEPRECATED_OBJC_IMPLEMENTATIONS = YES;
				CLANG_WARN_DIRECT_OBJC_ISA_USAGE = YES_ERROR;
				CLANG_WARN_DOCUMENTATION_COMMENTS = YES;
				CLANG_WARN_EMPTY_BODY = YES;
				CLANG_WARN_ENUM_CONVERSION = YES;
				CLANG_WARN_INFINITE_RECURSION = YES;
				CLANG_WARN_INT_CONVERSION = YES;
				CLANG_WARN_NON_LITERAL_NULL_CONVERSION = YES;
				CLANG_WARN_OBJC_IMPLICIT_RETAIN_SELF = YES;
				CLANG_WARN_OBJC_LITERAL_CONVERSION = YES;
				CLANG_WARN_OBJC_ROOT_CLASS = YES_ERROR;
				CLANG_WARN_QUOTED_INCLUDE_IN_FRAMEWORK_HEADER = YES;
				CLANG_WARN_RANGE_LOOP_ANALYSIS = YES;
				CLANG_WARN_STRICT_PROTOTYPES = YES;
				CLANG_WARN_SUSPICIOUS_MOVE = YES;
				CLANG_WARN_UNGUARDED_AVAILABILITY = YES_AGGRESSIVE;
				CLANG_WARN_UNREACHABLE_CODE = YES;
				CLANG_WARN__DUPLICATE_METHOD_MATCH = YES;
				COPY_PHASE_STRIP = NO;
				DEBUG_INFORMATION_FORMAT = dwarf;
				ENABLE_STRICT_OBJC_MSGSEND = YES;
				ENABLE_TESTABILITY = YES;
				GCC_C_LANGUAGE_STANDARD = gnu11;
				GCC_DYNAMIC_NO_PIC = NO;
				GCC_NO_COMMON_BLOCKS = YES;
				GCC_OPTIMIZATION_LEVEL = 0;
				GCC_PREPROCESSOR_DEFINITIONS = (
					"DEBUG=1",
					"$(inherited)",
				);
				GCC_WARN_64_TO_32_BIT_CONVERSION = YES;
				GCC_WARN_ABOUT_RETURN_TYPE = YES_ERROR;
				GCC_WARN_UNDECLARED_SELECTOR = YES;
				GCC_WARN_UNINITIALIZED_AUTOS = YES_AGGRESSIVE;
				GCC_WARN_UNUSED_FUNCTION = YES;
				GCC_WARN_UNUSED_VARIABLE = YES;
				IPHONEOS_DEPLOYMENT_TARGET = 16.0;
				MTL_ENABLE_DEBUG_INFO = INCLUDE_SOURCE;
				MTL_FAST_MATH = YES;
				ONLY_ACTIVE_ARCH = YES;
				SDKROOT = iphoneos;
				SWIFT_ACTIVE_COMPILATION_CONDITIONS = DEBUG;
				SWIFT_OPTIMIZATION_LEVEL = "-Onone";
			};
			name = Debug;
		};
		737E3E982886A57600ECE164 /* Release */ = {
			isa = XCBuildConfiguration;
			buildSettings = {
				ALWAYS_SEARCH_USER_PATHS = NO;
				CLANG_ANALYZER_NONNULL = YES;
				CLANG_ANALYZER_NUMBER_OBJECT_CONVERSION = YES_AGGRESSIVE;
				CLANG_CXX_LANGUAGE_STANDARD = "gnu++20";
				CLANG_ENABLE_MODULES = YES;
				CLANG_ENABLE_OBJC_ARC = YES;
				CLANG_ENABLE_OBJC_WEAK = YES;
				CLANG_WARN_BLOCK_CAPTURE_AUTORELEASING = YES;
				CLANG_WARN_BOOL_CONVERSION = YES;
				CLANG_WARN_COMMA = YES;
				CLANG_WARN_CONSTANT_CONVERSION = YES;
				CLANG_WARN_DEPRECATED_OBJC_IMPLEMENTATIONS = YES;
				CLANG_WARN_DIRECT_OBJC_ISA_USAGE = YES_ERROR;
				CLANG_WARN_DOCUMENTATION_COMMENTS = YES;
				CLANG_WARN_EMPTY_BODY = YES;
				CLANG_WARN_ENUM_CONVERSION = YES;
				CLANG_WARN_INFINITE_RECURSION = YES;
				CLANG_WARN_INT_CONVERSION = YES;
				CLANG_WARN_NON_LITERAL_NULL_CONVERSION = YES;
				CLANG_WARN_OBJC_IMPLICIT_RETAIN_SELF = YES;
				CLANG_WARN_OBJC_LITERAL_CONVERSION = YES;
				CLANG_WARN_OBJC_ROOT_CLASS = YES_ERROR;
				CLANG_WARN_QUOTED_INCLUDE_IN_FRAMEWORK_HEADER = YES;
				CLANG_WARN_RANGE_LOOP_ANALYSIS = YES;
				CLANG_WARN_STRICT_PROTOTYPES = YES;
				CLANG_WARN_SUSPICIOUS_MOVE = YES;
				CLANG_WARN_UNGUARDED_AVAILABILITY = YES_AGGRESSIVE;
				CLANG_WARN_UNREACHABLE_CODE = YES;
				CLANG_WARN__DUPLICATE_METHOD_MATCH = YES;
				COPY_PHASE_STRIP = NO;
				DEBUG_INFORMATION_FORMAT = "dwarf-with-dsym";
				ENABLE_NS_ASSERTIONS = NO;
				ENABLE_STRICT_OBJC_MSGSEND = YES;
				GCC_C_LANGUAGE_STANDARD = gnu11;
				GCC_NO_COMMON_BLOCKS = YES;
				GCC_WARN_64_TO_32_BIT_CONVERSION = YES;
				GCC_WARN_ABOUT_RETURN_TYPE = YES_ERROR;
				GCC_WARN_UNDECLARED_SELECTOR = YES;
				GCC_WARN_UNINITIALIZED_AUTOS = YES_AGGRESSIVE;
				GCC_WARN_UNUSED_FUNCTION = YES;
				GCC_WARN_UNUSED_VARIABLE = YES;
				IPHONEOS_DEPLOYMENT_TARGET = 16.0;
				MTL_ENABLE_DEBUG_INFO = NO;
				MTL_FAST_MATH = YES;
				SDKROOT = iphoneos;
				SWIFT_COMPILATION_MODE = wholemodule;
				SWIFT_OPTIMIZATION_LEVEL = "-O";
				VALIDATE_PRODUCT = YES;
			};
			name = Release;
		};
		737E3E9A2886A57600ECE164 /* Debug */ = {
			isa = XCBuildConfiguration;
			baseConfigurationReference = 3DBE90A47D52E8495E57E57D /* Pods-Screen Time.debug.xcconfig */;
			buildSettings = {
				ALWAYS_EMBED_SWIFT_STANDARD_LIBRARIES = YES;
				ASSETCATALOG_COMPILER_APPICON_NAME = AppIcon;
				ASSETCATALOG_COMPILER_GLOBAL_ACCENT_COLOR_NAME = AccentColor;
				CODE_SIGN_ENTITLEMENTS = "Screen Time/Screen Time.entitlements";
				CODE_SIGN_IDENTITY = "Apple Development";
				CODE_SIGN_STYLE = Automatic;
				CURRENT_PROJECT_VERSION = 1;
				DEVELOPMENT_ASSET_PATHS = "\"Screen Time/Preview Content\"";
				DEVELOPMENT_TEAM = 42Q2FTK7GK;
				ENABLE_PREVIEWS = YES;
				GENERATE_INFOPLIST_FILE = YES;
				INFOPLIST_FILE = "Screen-Time-Info.plist";
				INFOPLIST_KEY_NSAppleMusicUsageDescription = "ㅁㄴㅇㄹ";
				INFOPLIST_KEY_UIApplicationSupportsIndirectInputEvents = YES;
				INFOPLIST_KEY_UILaunchScreen_Generation = YES;
				INFOPLIST_KEY_UISupportedInterfaceOrientations_iPad = "UIInterfaceOrientationPortrait UIInterfaceOrientationPortraitUpsideDown UIInterfaceOrientationLandscapeLeft UIInterfaceOrientationLandscapeRight";
				INFOPLIST_KEY_UISupportedInterfaceOrientations_iPhone = "UIInterfaceOrientationPortrait UIInterfaceOrientationLandscapeLeft UIInterfaceOrientationLandscapeRight";
				LD_RUNPATH_SEARCH_PATHS = (
					"$(inherited)",
					"@executable_path/Frameworks",
				);
				MARKETING_VERSION = 1.0;
				PRODUCT_BUNDLE_IDENTIFIER = "us.gijuno.screen-time";
				PRODUCT_NAME = "$(TARGET_NAME)";
				PROVISIONING_PROFILE_SPECIFIER = "";
				SWIFT_EMIT_LOC_STRINGS = YES;
				SWIFT_VERSION = 5.0;
				TARGETED_DEVICE_FAMILY = "1,2";
			};
			name = Debug;
		};
		737E3E9B2886A57600ECE164 /* Release */ = {
			isa = XCBuildConfiguration;
			baseConfigurationReference = 364FC4BD7F0502C87BC68AC5 /* Pods-Screen Time.release.xcconfig */;
			buildSettings = {
				ALWAYS_EMBED_SWIFT_STANDARD_LIBRARIES = YES;
				ASSETCATALOG_COMPILER_APPICON_NAME = AppIcon;
				ASSETCATALOG_COMPILER_GLOBAL_ACCENT_COLOR_NAME = AccentColor;
				CODE_SIGN_ENTITLEMENTS = "Screen Time/Screen Time.entitlements";
				CODE_SIGN_IDENTITY = "Apple Development";
				CODE_SIGN_STYLE = Automatic;
				CURRENT_PROJECT_VERSION = 1;
				DEVELOPMENT_ASSET_PATHS = "\"Screen Time/Preview Content\"";
				DEVELOPMENT_TEAM = 42Q2FTK7GK;
				ENABLE_PREVIEWS = YES;
				GENERATE_INFOPLIST_FILE = YES;
				INFOPLIST_FILE = "Screen-Time-Info.plist";
				INFOPLIST_KEY_NSAppleMusicUsageDescription = "ㅁㄴㅇㄹ";
				INFOPLIST_KEY_UIApplicationSupportsIndirectInputEvents = YES;
				INFOPLIST_KEY_UILaunchScreen_Generation = YES;
				INFOPLIST_KEY_UISupportedInterfaceOrientations_iPad = "UIInterfaceOrientationPortrait UIInterfaceOrientationPortraitUpsideDown UIInterfaceOrientationLandscapeLeft UIInterfaceOrientationLandscapeRight";
				INFOPLIST_KEY_UISupportedInterfaceOrientations_iPhone = "UIInterfaceOrientationPortrait UIInterfaceOrientationLandscapeLeft UIInterfaceOrientationLandscapeRight";
				LD_RUNPATH_SEARCH_PATHS = (
					"$(inherited)",
					"@executable_path/Frameworks",
				);
				MARKETING_VERSION = 1.0;
				PRODUCT_BUNDLE_IDENTIFIER = "us.gijuno.screen-time";
				PRODUCT_NAME = "$(TARGET_NAME)";
				PROVISIONING_PROFILE_SPECIFIER = "";
				SWIFT_EMIT_LOC_STRINGS = YES;
				SWIFT_VERSION = 5.0;
				TARGETED_DEVICE_FAMILY = "1,2";
			};
			name = Release;
		};
		73B3B35E28930ADE0079AAC4 /* Debug */ = {
			isa = XCBuildConfiguration;
			baseConfigurationReference = 9C6154BFC80E78197EE949DD /* Pods-MonitorExtension.debug.xcconfig */;
			buildSettings = {
				CODE_SIGN_ENTITLEMENTS = MonitorExtension/MonitorExtension.entitlements;
				CODE_SIGN_IDENTITY = "Apple Development";
				CODE_SIGN_STYLE = Automatic;
				CURRENT_PROJECT_VERSION = 1;
				DEVELOPMENT_TEAM = 42Q2FTK7GK;
				GENERATE_INFOPLIST_FILE = YES;
				INFOPLIST_FILE = MonitorExtension/Info.plist;
				INFOPLIST_KEY_CFBundleDisplayName = MonitorExtension;
				INFOPLIST_KEY_NSHumanReadableCopyright = "";
				IPHONEOS_DEPLOYMENT_TARGET = 16.0;
				LD_RUNPATH_SEARCH_PATHS = (
					"$(inherited)",
					"@executable_path/Frameworks",
					"@executable_path/../../Frameworks",
				);
				MARKETING_VERSION = 1.0;
				PRODUCT_BUNDLE_IDENTIFIER = "us.gijuno.screen-time.extension";
				PRODUCT_NAME = "$(TARGET_NAME)";
				SKIP_INSTALL = YES;
				SWIFT_EMIT_LOC_STRINGS = YES;
				SWIFT_VERSION = 5.0;
				TARGETED_DEVICE_FAMILY = "1,2";
			};
			name = Debug;
		};
		73B3B35F28930ADE0079AAC4 /* Release */ = {
			isa = XCBuildConfiguration;
			baseConfigurationReference = E6D049A508ABB84B17D66BA1 /* Pods-MonitorExtension.release.xcconfig */;
			buildSettings = {
				CODE_SIGN_ENTITLEMENTS = MonitorExtension/MonitorExtension.entitlements;
				CODE_SIGN_IDENTITY = "Apple Development";
				CODE_SIGN_STYLE = Automatic;
				CURRENT_PROJECT_VERSION = 1;
				DEVELOPMENT_TEAM = 42Q2FTK7GK;
				GENERATE_INFOPLIST_FILE = YES;
				INFOPLIST_FILE = MonitorExtension/Info.plist;
				INFOPLIST_KEY_CFBundleDisplayName = MonitorExtension;
				INFOPLIST_KEY_NSHumanReadableCopyright = "";
				IPHONEOS_DEPLOYMENT_TARGET = 16.0;
				LD_RUNPATH_SEARCH_PATHS = (
					"$(inherited)",
					"@executable_path/Frameworks",
					"@executable_path/../../Frameworks",
				);
				MARKETING_VERSION = 1.0;
				PRODUCT_BUNDLE_IDENTIFIER = "us.gijuno.screen-time.extension";
				PRODUCT_NAME = "$(TARGET_NAME)";
				SKIP_INSTALL = YES;
				SWIFT_EMIT_LOC_STRINGS = YES;
				SWIFT_VERSION = 5.0;
				TARGETED_DEVICE_FAMILY = "1,2";
			};
			name = Release;
		};
/* End XCBuildConfiguration section */

/* Begin XCConfigurationList section */
		737E3E862886A57500ECE164 /* Build configuration list for PBXProject "Screen Time" */ = {
			isa = XCConfigurationList;
			buildConfigurations = (
				737E3E972886A57600ECE164 /* Debug */,
				737E3E982886A57600ECE164 /* Release */,
			);
			defaultConfigurationIsVisible = 0;
			defaultConfigurationName = Release;
		};
		737E3E992886A57600ECE164 /* Build configuration list for PBXNativeTarget "Screen Time" */ = {
			isa = XCConfigurationList;
			buildConfigurations = (
				737E3E9A2886A57600ECE164 /* Debug */,
				737E3E9B2886A57600ECE164 /* Release */,
			);
			defaultConfigurationIsVisible = 0;
			defaultConfigurationName = Release;
		};
		73B3B35D28930ADE0079AAC4 /* Build configuration list for PBXNativeTarget "MonitorExtension" */ = {
			isa = XCConfigurationList;
			buildConfigurations = (
				73B3B35E28930ADE0079AAC4 /* Debug */,
				73B3B35F28930ADE0079AAC4 /* Release */,
			);
			defaultConfigurationIsVisible = 0;
			defaultConfigurationName = Release;
		};
/* End XCConfigurationList section */
	};
	rootObject = 737E3E832886A57500ECE164 /* Project object */;
}
